
Microsoft Visual Studio Solution File, Format Version 12.00
# Visual Studio 15
VisualStudioVersion = 15.0.28307.329
MinimumVisualStudioVersion = 10.0.40219.1
Project("{FAE04EC0-301F-11D3-BF4B-00C04F79EFBC}") = "EasyBizRequest", "EasyBizRequest\EasyBizRequest.csproj", "{C396E24D-DF56-4A4C-ACBF-29A65C4E5B2E}"
EndProject
Project("{FAE04EC0-301F-11D3-BF4B-00C04F79EFBC}") = "EasyBizResponse", "EasyBizResponse\EasyBizResponse.csproj", "{4E26AA9E-B1E0-49CA-B5B7-6BD269F123E6}"
EndProject
Project("{FAE04EC0-301F-11D3-BF4B-00C04F79EFBC}") = "EasyBizTypes", "EasyBizDBTypes\EasyBizTypes.csproj", "{DC2D7129-129C-4A6F-A2B2-A22A071FDB68}"
EndProject
Project("{FAE04EC0-301F-11D3-BF4B-00C04F79EFBC}") = "EasyBizBLL", "EasyBizBLL\EasyBizBLL.csproj", "{E5E20CDA-824D-4DC7-95E8-7D8CA7917ED0}"
EndProject
Project("{FAE04EC0-301F-11D3-BF4B-00C04F79EFBC}") = "MsSqlDAL", "MsSqlDAL\MsSqlDAL.csproj", "{9C94EDAB-B184-40E0-B6FC-9DFA70645241}"
EndProject
Project("{FAE04EC0-301F-11D3-BF4B-00C04F79EFBC}") = "EasyBizFactory", "EasyBizFactory\EasyBizFactory.csproj", "{ED9F0011-B179-44F7-9200-D26B58FE2038}"
EndProject
Project("{FAE04EC0-301F-11D3-BF4B-00C04F79EFBC}") = "ResourceStrings", "ResourceStrings\ResourceStrings.csproj", "{A00471D0-0072-48F0-82C4-2D98872A0DFC}"
EndProject
Project("{FAE04EC0-301F-11D3-BF4B-00C04F79EFBC}") = "EasyBizAbsDAL", "EasyBizAbsDAL\EasyBizAbsDAL.csproj", "{FD762AC9-74A5-421C-9331-569494888356}"
EndProject
Project("{FAE04EC0-301F-11D3-BF4B-00C04F79EFBC}") = "EasyBizErrorLogger", "EasyBizErrorLogger\EasyBizErrorLogger.csproj", "{968B47D0-ADFB-451C-8F6B-F56D7C1ED7AC}"
EndProject
Project("{FAE04EC0-301F-11D3-BF4B-00C04F79EFBC}") = "CommonRoutines", "CommonRoutines\CommonRoutines.csproj", "{57F34CF1-4D39-4086-9159-2C0E0AED016A}"
EndProject
Project("{FAE04EC0-301F-11D3-BF4B-00C04F79EFBC}") = "EasyBizIView", "EasyBizIView\EasyBizIView.csproj", "{25B619E3-7107-4BF7-8371-6DA0620D6413}"
EndProject
Project("{FAE04EC0-301F-11D3-BF4B-00C04F79EFBC}") = "PosAPI", "PosAPI\PosAPI.csproj", "{8EA8BB57-907D-43DD-8078-FEEAB815716C}"
EndProject
Global
	GlobalSection(SolutionConfigurationPlatforms) = preSolution
		CD_ROM|Any CPU = CD_ROM|Any CPU
		CD_ROM|Mixed Platforms = CD_ROM|Mixed Platforms
		CD_ROM|x86 = CD_ROM|x86
		Debug|Any CPU = Debug|Any CPU
		Debug|Mixed Platforms = Debug|Mixed Platforms
		Debug|x86 = Debug|x86
		DefaultBuild|Any CPU = DefaultBuild|Any CPU
		DefaultBuild|Mixed Platforms = DefaultBuild|Mixed Platforms
		DefaultBuild|x86 = DefaultBuild|x86
		DVD-5|Any CPU = DVD-5|Any CPU
		DVD-5|Mixed Platforms = DVD-5|Mixed Platforms
		DVD-5|x86 = DVD-5|x86
		Release|Any CPU = Release|Any CPU
		Release|Mixed Platforms = Release|Mixed Platforms
		Release|x86 = Release|x86
		SingleImage|Any CPU = SingleImage|Any CPU
		SingleImage|Mixed Platforms = SingleImage|Mixed Platforms
		SingleImage|x86 = SingleImage|x86
	EndGlobalSection
	GlobalSection(ProjectConfigurationPlatforms) = postSolution
		{C396E24D-DF56-4A4C-ACBF-29A65C4E5B2E}.CD_ROM|Any CPU.ActiveCfg = Release|Any CPU
		{C396E24D-DF56-4A4C-ACBF-29A65C4E5B2E}.CD_ROM|Any CPU.Build.0 = Release|Any CPU
		{C396E24D-DF56-4A4C-ACBF-29A65C4E5B2E}.CD_ROM|Mixed Platforms.ActiveCfg = Release|Any CPU
		{C396E24D-DF56-4A4C-ACBF-29A65C4E5B2E}.CD_ROM|Mixed Platforms.Build.0 = Debug|Any CPU
		{C396E24D-DF56-4A4C-ACBF-29A65C4E5B2E}.CD_ROM|x86.ActiveCfg = Release|Any CPU
		{C396E24D-DF56-4A4C-ACBF-29A65C4E5B2E}.Debug|Any CPU.ActiveCfg = Debug|Any CPU
		{C396E24D-DF56-4A4C-ACBF-29A65C4E5B2E}.Debug|Any CPU.Build.0 = Debug|Any CPU
		{C396E24D-DF56-4A4C-ACBF-29A65C4E5B2E}.Debug|Mixed Platforms.ActiveCfg = Debug|Any CPU
		{C396E24D-DF56-4A4C-ACBF-29A65C4E5B2E}.Debug|Mixed Platforms.Build.0 = Debug|Any CPU
		{C396E24D-DF56-4A4C-ACBF-29A65C4E5B2E}.Debug|x86.ActiveCfg = Release|Any CPU
		{C396E24D-DF56-4A4C-ACBF-29A65C4E5B2E}.DefaultBuild|Any CPU.ActiveCfg = Release|Any CPU
		{C396E24D-DF56-4A4C-ACBF-29A65C4E5B2E}.DefaultBuild|Any CPU.Build.0 = Debug|Any CPU
		{C396E24D-DF56-4A4C-ACBF-29A65C4E5B2E}.DefaultBuild|Mixed Platforms.ActiveCfg = Release|Any CPU
		{C396E24D-DF56-4A4C-ACBF-29A65C4E5B2E}.DefaultBuild|Mixed Platforms.Build.0 = Debug|Any CPU
		{C396E24D-DF56-4A4C-ACBF-29A65C4E5B2E}.DefaultBuild|x86.ActiveCfg = Release|Any CPU
		{C396E24D-DF56-4A4C-ACBF-29A65C4E5B2E}.DVD-5|Any CPU.ActiveCfg = Release|Any CPU
		{C396E24D-DF56-4A4C-ACBF-29A65C4E5B2E}.DVD-5|Any CPU.Build.0 = Debug|Any CPU
		{C396E24D-DF56-4A4C-ACBF-29A65C4E5B2E}.DVD-5|Mixed Platforms.ActiveCfg = Release|Any CPU
		{C396E24D-DF56-4A4C-ACBF-29A65C4E5B2E}.DVD-5|Mixed Platforms.Build.0 = Debug|Any CPU
		{C396E24D-DF56-4A4C-ACBF-29A65C4E5B2E}.DVD-5|x86.ActiveCfg = Release|Any CPU
		{C396E24D-DF56-4A4C-ACBF-29A65C4E5B2E}.Release|Any CPU.ActiveCfg = Release|Any CPU
		{C396E24D-DF56-4A4C-ACBF-29A65C4E5B2E}.Release|Any CPU.Build.0 = Release|Any CPU
		{C396E24D-DF56-4A4C-ACBF-29A65C4E5B2E}.Release|Mixed Platforms.ActiveCfg = Release|Any CPU
		{C396E24D-DF56-4A4C-ACBF-29A65C4E5B2E}.Release|Mixed Platforms.Build.0 = Debug|Any CPU
		{C396E24D-DF56-4A4C-ACBF-29A65C4E5B2E}.Release|x86.ActiveCfg = Release|Any CPU
		{C396E24D-DF56-4A4C-ACBF-29A65C4E5B2E}.SingleImage|Any CPU.ActiveCfg = Release|Any CPU
		{C396E24D-DF56-4A4C-ACBF-29A65C4E5B2E}.SingleImage|Any CPU.Build.0 = Release|Any CPU
		{C396E24D-DF56-4A4C-ACBF-29A65C4E5B2E}.SingleImage|Mixed Platforms.ActiveCfg = Release|Any CPU
		{C396E24D-DF56-4A4C-ACBF-29A65C4E5B2E}.SingleImage|Mixed Platforms.Build.0 = Debug|Any CPU
		{C396E24D-DF56-4A4C-ACBF-29A65C4E5B2E}.SingleImage|x86.ActiveCfg = Release|Any CPU
		{4E26AA9E-B1E0-49CA-B5B7-6BD269F123E6}.CD_ROM|Any CPU.ActiveCfg = Release|Any CPU
		{4E26AA9E-B1E0-49CA-B5B7-6BD269F123E6}.CD_ROM|Any CPU.Build.0 = Release|Any CPU
		{4E26AA9E-B1E0-49CA-B5B7-6BD269F123E6}.CD_ROM|Mixed Platforms.ActiveCfg = Release|Any CPU
		{4E26AA9E-B1E0-49CA-B5B7-6BD269F123E6}.CD_ROM|Mixed Platforms.Build.0 = Debug|Any CPU
		{4E26AA9E-B1E0-49CA-B5B7-6BD269F123E6}.CD_ROM|x86.ActiveCfg = Release|Any CPU
		{4E26AA9E-B1E0-49CA-B5B7-6BD269F123E6}.Debug|Any CPU.ActiveCfg = Debug|Any CPU
		{4E26AA9E-B1E0-49CA-B5B7-6BD269F123E6}.Debug|Any CPU.Build.0 = Debug|Any CPU
		{4E26AA9E-B1E0-49CA-B5B7-6BD269F123E6}.Debug|Mixed Platforms.ActiveCfg = Debug|Any CPU
		{4E26AA9E-B1E0-49CA-B5B7-6BD269F123E6}.Debug|Mixed Platforms.Build.0 = Debug|Any CPU
		{4E26AA9E-B1E0-49CA-B5B7-6BD269F123E6}.Debug|x86.ActiveCfg = Release|Any CPU
		{4E26AA9E-B1E0-49CA-B5B7-6BD269F123E6}.DefaultBuild|Any CPU.ActiveCfg = Release|Any CPU
		{4E26AA9E-B1E0-49CA-B5B7-6BD269F123E6}.DefaultBuild|Any CPU.Build.0 = Debug|Any CPU
		{4E26AA9E-B1E0-49CA-B5B7-6BD269F123E6}.DefaultBuild|Mixed Platforms.ActiveCfg = Release|Any CPU
		{4E26AA9E-B1E0-49CA-B5B7-6BD269F123E6}.DefaultBuild|Mixed Platforms.Build.0 = Debug|Any CPU
		{4E26AA9E-B1E0-49CA-B5B7-6BD269F123E6}.DefaultBuild|x86.ActiveCfg = Release|Any CPU
		{4E26AA9E-B1E0-49CA-B5B7-6BD269F123E6}.DVD-5|Any CPU.ActiveCfg = Release|Any CPU
		{4E26AA9E-B1E0-49CA-B5B7-6BD269F123E6}.DVD-5|Any CPU.Build.0 = Debug|Any CPU
		{4E26AA9E-B1E0-49CA-B5B7-6BD269F123E6}.DVD-5|Mixed Platforms.ActiveCfg = Release|Any CPU
		{4E26AA9E-B1E0-49CA-B5B7-6BD269F123E6}.DVD-5|Mixed Platforms.Build.0 = Debug|Any CPU
		{4E26AA9E-B1E0-49CA-B5B7-6BD269F123E6}.DVD-5|x86.ActiveCfg = Release|Any CPU
		{4E26AA9E-B1E0-49CA-B5B7-6BD269F123E6}.Release|Any CPU.ActiveCfg = Release|Any CPU
		{4E26AA9E-B1E0-49CA-B5B7-6BD269F123E6}.Release|Any CPU.Build.0 = Release|Any CPU
		{4E26AA9E-B1E0-49CA-B5B7-6BD269F123E6}.Release|Mixed Platforms.ActiveCfg = Release|Any CPU
		{4E26AA9E-B1E0-49CA-B5B7-6BD269F123E6}.Release|Mixed Platforms.Build.0 = Debug|Any CPU
		{4E26AA9E-B1E0-49CA-B5B7-6BD269F123E6}.Release|x86.ActiveCfg = Release|Any CPU
		{4E26AA9E-B1E0-49CA-B5B7-6BD269F123E6}.SingleImage|Any CPU.ActiveCfg = Release|Any CPU
		{4E26AA9E-B1E0-49CA-B5B7-6BD269F123E6}.SingleImage|Any CPU.Build.0 = Release|Any CPU
		{4E26AA9E-B1E0-49CA-B5B7-6BD269F123E6}.SingleImage|Mixed Platforms.ActiveCfg = Release|Any CPU
		{4E26AA9E-B1E0-49CA-B5B7-6BD269F123E6}.SingleImage|Mixed Platforms.Build.0 = Debug|Any CPU
		{4E26AA9E-B1E0-49CA-B5B7-6BD269F123E6}.SingleImage|x86.ActiveCfg = Release|Any CPU
		{DC2D7129-129C-4A6F-A2B2-A22A071FDB68}.CD_ROM|Any CPU.ActiveCfg = Release|Any CPU
		{DC2D7129-129C-4A6F-A2B2-A22A071FDB68}.CD_ROM|Any CPU.Build.0 = Release|Any CPU
		{DC2D7129-129C-4A6F-A2B2-A22A071FDB68}.CD_ROM|Mixed Platforms.ActiveCfg = Release|Any CPU
		{DC2D7129-129C-4A6F-A2B2-A22A071FDB68}.CD_ROM|Mixed Platforms.Build.0 = Debug|Any CPU
		{DC2D7129-129C-4A6F-A2B2-A22A071FDB68}.CD_ROM|x86.ActiveCfg = Release|Any CPU
		{DC2D7129-129C-4A6F-A2B2-A22A071FDB68}.Debug|Any CPU.ActiveCfg = Debug|Any CPU
		{DC2D7129-129C-4A6F-A2B2-A22A071FDB68}.Debug|Any CPU.Build.0 = Debug|Any CPU
		{DC2D7129-129C-4A6F-A2B2-A22A071FDB68}.Debug|Mixed Platforms.ActiveCfg = Debug|Any CPU
		{DC2D7129-129C-4A6F-A2B2-A22A071FDB68}.Debug|Mixed Platforms.Build.0 = Debug|Any CPU
		{DC2D7129-129C-4A6F-A2B2-A22A071FDB68}.Debug|x86.ActiveCfg = Release|Any CPU
		{DC2D7129-129C-4A6F-A2B2-A22A071FDB68}.DefaultBuild|Any CPU.ActiveCfg = Release|Any CPU
		{DC2D7129-129C-4A6F-A2B2-A22A071FDB68}.DefaultBuild|Any CPU.Build.0 = Debug|Any CPU
		{DC2D7129-129C-4A6F-A2B2-A22A071FDB68}.DefaultBuild|Mixed Platforms.ActiveCfg = Release|Any CPU
		{DC2D7129-129C-4A6F-A2B2-A22A071FDB68}.DefaultBuild|Mixed Platforms.Build.0 = Debug|Any CPU
		{DC2D7129-129C-4A6F-A2B2-A22A071FDB68}.DefaultBuild|x86.ActiveCfg = Release|Any CPU
		{DC2D7129-129C-4A6F-A2B2-A22A071FDB68}.DVD-5|Any CPU.ActiveCfg = Release|Any CPU
		{DC2D7129-129C-4A6F-A2B2-A22A071FDB68}.DVD-5|Any CPU.Build.0 = Debug|Any CPU
		{DC2D7129-129C-4A6F-A2B2-A22A071FDB68}.DVD-5|Mixed Platforms.ActiveCfg = Release|Any CPU
		{DC2D7129-129C-4A6F-A2B2-A22A071FDB68}.DVD-5|Mixed Platforms.Build.0 = Debug|Any CPU
		{DC2D7129-129C-4A6F-A2B2-A22A071FDB68}.DVD-5|x86.ActiveCfg = Release|Any CPU
		{DC2D7129-129C-4A6F-A2B2-A22A071FDB68}.Release|Any CPU.ActiveCfg = Release|Any CPU
		{DC2D7129-129C-4A6F-A2B2-A22A071FDB68}.Release|Any CPU.Build.0 = Release|Any CPU
		{DC2D7129-129C-4A6F-A2B2-A22A071FDB68}.Release|Mixed Platforms.ActiveCfg = Release|Any CPU
		{DC2D7129-129C-4A6F-A2B2-A22A071FDB68}.Release|Mixed Platforms.Build.0 = Debug|Any CPU
		{DC2D7129-129C-4A6F-A2B2-A22A071FDB68}.Release|x86.ActiveCfg = Release|Any CPU
		{DC2D7129-129C-4A6F-A2B2-A22A071FDB68}.SingleImage|Any CPU.ActiveCfg = Release|Any CPU
		{DC2D7129-129C-4A6F-A2B2-A22A071FDB68}.SingleImage|Any CPU.Build.0 = Release|Any CPU
		{DC2D7129-129C-4A6F-A2B2-A22A071FDB68}.SingleImage|Mixed Platforms.ActiveCfg = Release|Any CPU
		{DC2D7129-129C-4A6F-A2B2-A22A071FDB68}.SingleImage|Mixed Platforms.Build.0 = Debug|Any CPU
		{DC2D7129-129C-4A6F-A2B2-A22A071FDB68}.SingleImage|x86.ActiveCfg = Release|Any CPU
		{E5E20CDA-824D-4DC7-95E8-7D8CA7917ED0}.CD_ROM|Any CPU.ActiveCfg = Release|Any CPU
		{E5E20CDA-824D-4DC7-95E8-7D8CA7917ED0}.CD_ROM|Any CPU.Build.0 = Release|Any CPU
		{E5E20CDA-824D-4DC7-95E8-7D8CA7917ED0}.CD_ROM|Mixed Platforms.ActiveCfg = Release|Any CPU
		{E5E20CDA-824D-4DC7-95E8-7D8CA7917ED0}.CD_ROM|Mixed Platforms.Build.0 = Debug|Any CPU
		{E5E20CDA-824D-4DC7-95E8-7D8CA7917ED0}.CD_ROM|x86.ActiveCfg = Release|Any CPU
		{E5E20CDA-824D-4DC7-95E8-7D8CA7917ED0}.Debug|Any CPU.ActiveCfg = Debug|Any CPU
		{E5E20CDA-824D-4DC7-95E8-7D8CA7917ED0}.Debug|Any CPU.Build.0 = Debug|Any CPU
		{E5E20CDA-824D-4DC7-95E8-7D8CA7917ED0}.Debug|Mixed Platforms.ActiveCfg = Debug|Any CPU
		{E5E20CDA-824D-4DC7-95E8-7D8CA7917ED0}.Debug|Mixed Platforms.Build.0 = Debug|Any CPU
		{E5E20CDA-824D-4DC7-95E8-7D8CA7917ED0}.Debug|x86.ActiveCfg = Release|Any CPU
		{E5E20CDA-824D-4DC7-95E8-7D8CA7917ED0}.DefaultBuild|Any CPU.ActiveCfg = Release|Any CPU
		{E5E20CDA-824D-4DC7-95E8-7D8CA7917ED0}.DefaultBuild|Any CPU.Build.0 = Debug|Any CPU
		{E5E20CDA-824D-4DC7-95E8-7D8CA7917ED0}.DefaultBuild|Mixed Platforms.ActiveCfg = Release|Any CPU
		{E5E20CDA-824D-4DC7-95E8-7D8CA7917ED0}.DefaultBuild|Mixed Platforms.Build.0 = Debug|Any CPU
		{E5E20CDA-824D-4DC7-95E8-7D8CA7917ED0}.DefaultBuild|x86.ActiveCfg = Release|Any CPU
		{E5E20CDA-824D-4DC7-95E8-7D8CA7917ED0}.DVD-5|Any CPU.ActiveCfg = Release|Any CPU
		{E5E20CDA-824D-4DC7-95E8-7D8CA7917ED0}.DVD-5|Any CPU.Build.0 = Debug|Any CPU
		{E5E20CDA-824D-4DC7-95E8-7D8CA7917ED0}.DVD-5|Mixed Platforms.ActiveCfg = Release|Any CPU
		{E5E20CDA-824D-4DC7-95E8-7D8CA7917ED0}.DVD-5|Mixed Platforms.Build.0 = Debug|Any CPU
		{E5E20CDA-824D-4DC7-95E8-7D8CA7917ED0}.DVD-5|x86.ActiveCfg = Release|Any CPU
		{E5E20CDA-824D-4DC7-95E8-7D8CA7917ED0}.Release|Any CPU.ActiveCfg = Release|Any CPU
		{E5E20CDA-824D-4DC7-95E8-7D8CA7917ED0}.Release|Any CPU.Build.0 = Release|Any CPU
		{E5E20CDA-824D-4DC7-95E8-7D8CA7917ED0}.Release|Mixed Platforms.ActiveCfg = Release|Any CPU
		{E5E20CDA-824D-4DC7-95E8-7D8CA7917ED0}.Release|Mixed Platforms.Build.0 = Debug|Any CPU
		{E5E20CDA-824D-4DC7-95E8-7D8CA7917ED0}.Release|x86.ActiveCfg = Release|Any CPU
		{E5E20CDA-824D-4DC7-95E8-7D8CA7917ED0}.SingleImage|Any CPU.ActiveCfg = Release|Any CPU
		{E5E20CDA-824D-4DC7-95E8-7D8CA7917ED0}.SingleImage|Any CPU.Build.0 = Release|Any CPU
		{E5E20CDA-824D-4DC7-95E8-7D8CA7917ED0}.SingleImage|Mixed Platforms.ActiveCfg = Release|Any CPU
		{E5E20CDA-824D-4DC7-95E8-7D8CA7917ED0}.SingleImage|Mixed Platforms.Build.0 = Debug|Any CPU
		{E5E20CDA-824D-4DC7-95E8-7D8CA7917ED0}.SingleImage|x86.ActiveCfg = Release|Any CPU
		{9C94EDAB-B184-40E0-B6FC-9DFA70645241}.CD_ROM|Any CPU.ActiveCfg = Release|Any CPU
		{9C94EDAB-B184-40E0-B6FC-9DFA70645241}.CD_ROM|Any CPU.Build.0 = Release|Any CPU
		{9C94EDAB-B184-40E0-B6FC-9DFA70645241}.CD_ROM|Mixed Platforms.ActiveCfg = Release|Any CPU
		{9C94EDAB-B184-40E0-B6FC-9DFA70645241}.CD_ROM|Mixed Platforms.Build.0 = Debug|Any CPU
		{9C94EDAB-B184-40E0-B6FC-9DFA70645241}.CD_ROM|x86.ActiveCfg = Release|Any CPU
		{9C94EDAB-B184-40E0-B6FC-9DFA70645241}.Debug|Any CPU.ActiveCfg = Debug|Any CPU
		{9C94EDAB-B184-40E0-B6FC-9DFA70645241}.Debug|Any CPU.Build.0 = Debug|Any CPU
		{9C94EDAB-B184-40E0-B6FC-9DFA70645241}.Debug|Mixed Platforms.ActiveCfg = Debug|Any CPU
		{9C94EDAB-B184-40E0-B6FC-9DFA70645241}.Debug|Mixed Platforms.Build.0 = Debug|Any CPU
		{9C94EDAB-B184-40E0-B6FC-9DFA70645241}.Debug|x86.ActiveCfg = Release|Any CPU
		{9C94EDAB-B184-40E0-B6FC-9DFA70645241}.DefaultBuild|Any CPU.ActiveCfg = Release|Any CPU
		{9C94EDAB-B184-40E0-B6FC-9DFA70645241}.DefaultBuild|Any CPU.Build.0 = Debug|Any CPU
		{9C94EDAB-B184-40E0-B6FC-9DFA70645241}.DefaultBuild|Mixed Platforms.ActiveCfg = Release|Any CPU
		{9C94EDAB-B184-40E0-B6FC-9DFA70645241}.DefaultBuild|Mixed Platforms.Build.0 = Debug|Any CPU
		{9C94EDAB-B184-40E0-B6FC-9DFA70645241}.DefaultBuild|x86.ActiveCfg = Release|Any CPU
		{9C94EDAB-B184-40E0-B6FC-9DFA70645241}.DVD-5|Any CPU.ActiveCfg = Release|Any CPU
		{9C94EDAB-B184-40E0-B6FC-9DFA70645241}.DVD-5|Any CPU.Build.0 = Debug|Any CPU
		{9C94EDAB-B184-40E0-B6FC-9DFA70645241}.DVD-5|Mixed Platforms.ActiveCfg = Release|Any CPU
		{9C94EDAB-B184-40E0-B6FC-9DFA70645241}.DVD-5|Mixed Platforms.Build.0 = Debug|Any CPU
		{9C94EDAB-B184-40E0-B6FC-9DFA70645241}.DVD-5|x86.ActiveCfg = Release|Any CPU
		{9C94EDAB-B184-40E0-B6FC-9DFA70645241}.Release|Any CPU.ActiveCfg = Release|Any CPU
		{9C94EDAB-B184-40E0-B6FC-9DFA70645241}.Release|Any CPU.Build.0 = Release|Any CPU
		{9C94EDAB-B184-40E0-B6FC-9DFA70645241}.Release|Mixed Platforms.ActiveCfg = Release|Any CPU
		{9C94EDAB-B184-40E0-B6FC-9DFA70645241}.Release|Mixed Platforms.Build.0 = Debug|Any CPU
		{9C94EDAB-B184-40E0-B6FC-9DFA70645241}.Release|x86.ActiveCfg = Release|Any CPU
		{9C94EDAB-B184-40E0-B6FC-9DFA70645241}.SingleImage|Any CPU.ActiveCfg = Release|Any CPU
		{9C94EDAB-B184-40E0-B6FC-9DFA70645241}.SingleImage|Any CPU.Build.0 = Release|Any CPU
		{9C94EDAB-B184-40E0-B6FC-9DFA70645241}.SingleImage|Mixed Platforms.ActiveCfg = Release|Any CPU
		{9C94EDAB-B184-40E0-B6FC-9DFA70645241}.SingleImage|Mixed Platforms.Build.0 = Debug|Any CPU
		{9C94EDAB-B184-40E0-B6FC-9DFA70645241}.SingleImage|x86.ActiveCfg = Release|Any CPU
		{ED9F0011-B179-44F7-9200-D26B58FE2038}.CD_ROM|Any CPU.ActiveCfg = Release|Any CPU
		{ED9F0011-B179-44F7-9200-D26B58FE2038}.CD_ROM|Any CPU.Build.0 = Release|Any CPU
		{ED9F0011-B179-44F7-9200-D26B58FE2038}.CD_ROM|Mixed Platforms.ActiveCfg = Release|Any CPU
		{ED9F0011-B179-44F7-9200-D26B58FE2038}.CD_ROM|Mixed Platforms.Build.0 = Debug|Any CPU
		{ED9F0011-B179-44F7-9200-D26B58FE2038}.CD_ROM|x86.ActiveCfg = Release|Any CPU
		{ED9F0011-B179-44F7-9200-D26B58FE2038}.Debug|Any CPU.ActiveCfg = Debug|Any CPU
		{ED9F0011-B179-44F7-9200-D26B58FE2038}.Debug|Any CPU.Build.0 = Debug|Any CPU
		{ED9F0011-B179-44F7-9200-D26B58FE2038}.Debug|Mixed Platforms.ActiveCfg = Debug|Any CPU
		{ED9F0011-B179-44F7-9200-D26B58FE2038}.Debug|Mixed Platforms.Build.0 = Debug|Any CPU
		{ED9F0011-B179-44F7-9200-D26B58FE2038}.Debug|x86.ActiveCfg = Release|Any CPU
		{ED9F0011-B179-44F7-9200-D26B58FE2038}.DefaultBuild|Any CPU.ActiveCfg = Release|Any CPU
		{ED9F0011-B179-44F7-9200-D26B58FE2038}.DefaultBuild|Any CPU.Build.0 = Debug|Any CPU
		{ED9F0011-B179-44F7-9200-D26B58FE2038}.DefaultBuild|Mixed Platforms.ActiveCfg = Release|Any CPU
		{ED9F0011-B179-44F7-9200-D26B58FE2038}.DefaultBuild|Mixed Platforms.Build.0 = Debug|Any CPU
		{ED9F0011-B179-44F7-9200-D26B58FE2038}.DefaultBuild|x86.ActiveCfg = Release|Any CPU
		{ED9F0011-B179-44F7-9200-D26B58FE2038}.DVD-5|Any CPU.ActiveCfg = Release|Any CPU
		{ED9F0011-B179-44F7-9200-D26B58FE2038}.DVD-5|Any CPU.Build.0 = Debug|Any CPU
		{ED9F0011-B179-44F7-9200-D26B58FE2038}.DVD-5|Mixed Platforms.ActiveCfg = Release|Any CPU
		{ED9F0011-B179-44F7-9200-D26B58FE2038}.DVD-5|Mixed Platforms.Build.0 = Debug|Any CPU
		{ED9F0011-B179-44F7-9200-D26B58FE2038}.DVD-5|x86.ActiveCfg = Release|Any CPU
		{ED9F0011-B179-44F7-9200-D26B58FE2038}.Release|Any CPU.ActiveCfg = Release|Any CPU
		{ED9F0011-B179-44F7-9200-D26B58FE2038}.Release|Any CPU.Build.0 = Release|Any CPU
		{ED9F0011-B179-44F7-9200-D26B58FE2038}.Release|Mixed Platforms.ActiveCfg = Release|Any CPU
		{ED9F0011-B179-44F7-9200-D26B58FE2038}.Release|Mixed Platforms.Build.0 = Debug|Any CPU
		{ED9F0011-B179-44F7-9200-D26B58FE2038}.Release|x86.ActiveCfg = Release|Any CPU
		{ED9F0011-B179-44F7-9200-D26B58FE2038}.SingleImage|Any CPU.ActiveCfg = Release|Any CPU
		{ED9F0011-B179-44F7-9200-D26B58FE2038}.SingleImage|Any CPU.Build.0 = Release|Any CPU
		{ED9F0011-B179-44F7-9200-D26B58FE2038}.SingleImage|Mixed Platforms.ActiveCfg = Release|Any CPU
		{ED9F0011-B179-44F7-9200-D26B58FE2038}.SingleImage|Mixed Platforms.Build.0 = Debug|Any CPU
		{ED9F0011-B179-44F7-9200-D26B58FE2038}.SingleImage|x86.ActiveCfg = Release|Any CPU
		{A00471D0-0072-48F0-82C4-2D98872A0DFC}.CD_ROM|Any CPU.ActiveCfg = Release|Any CPU
		{A00471D0-0072-48F0-82C4-2D98872A0DFC}.CD_ROM|Any CPU.Build.0 = Release|Any CPU
		{A00471D0-0072-48F0-82C4-2D98872A0DFC}.CD_ROM|Mixed Platforms.ActiveCfg = Release|Any CPU
		{A00471D0-0072-48F0-82C4-2D98872A0DFC}.CD_ROM|Mixed Platforms.Build.0 = Debug|Any CPU
		{A00471D0-0072-48F0-82C4-2D98872A0DFC}.CD_ROM|x86.ActiveCfg = Release|Any CPU
		{A00471D0-0072-48F0-82C4-2D98872A0DFC}.Debug|Any CPU.ActiveCfg = Debug|Any CPU
		{A00471D0-0072-48F0-82C4-2D98872A0DFC}.Debug|Any CPU.Build.0 = Debug|Any CPU
		{A00471D0-0072-48F0-82C4-2D98872A0DFC}.Debug|Mixed Platforms.ActiveCfg = Debug|Any CPU
		{A00471D0-0072-48F0-82C4-2D98872A0DFC}.Debug|Mixed Platforms.Build.0 = Debug|Any CPU
		{A00471D0-0072-48F0-82C4-2D98872A0DFC}.Debug|x86.ActiveCfg = Release|Any CPU
		{A00471D0-0072-48F0-82C4-2D98872A0DFC}.DefaultBuild|Any CPU.ActiveCfg = Release|Any CPU
		{A00471D0-0072-48F0-82C4-2D98872A0DFC}.DefaultBuild|Any CPU.Build.0 = Debug|Any CPU
		{A00471D0-0072-48F0-82C4-2D98872A0DFC}.DefaultBuild|Mixed Platforms.ActiveCfg = Release|Any CPU
		{A00471D0-0072-48F0-82C4-2D98872A0DFC}.DefaultBuild|Mixed Platforms.Build.0 = Debug|Any CPU
		{A00471D0-0072-48F0-82C4-2D98872A0DFC}.DefaultBuild|x86.ActiveCfg = Release|Any CPU
		{A00471D0-0072-48F0-82C4-2D98872A0DFC}.DVD-5|Any CPU.ActiveCfg = Release|Any CPU
		{A00471D0-0072-48F0-82C4-2D98872A0DFC}.DVD-5|Any CPU.Build.0 = Debug|Any CPU
		{A00471D0-0072-48F0-82C4-2D98872A0DFC}.DVD-5|Mixed Platforms.ActiveCfg = Release|Any CPU
		{A00471D0-0072-48F0-82C4-2D98872A0DFC}.DVD-5|Mixed Platforms.Build.0 = Debug|Any CPU
		{A00471D0-0072-48F0-82C4-2D98872A0DFC}.DVD-5|x86.ActiveCfg = Release|Any CPU
		{A00471D0-0072-48F0-82C4-2D98872A0DFC}.Release|Any CPU.ActiveCfg = Release|Any CPU
		{A00471D0-0072-48F0-82C4-2D98872A0DFC}.Release|Any CPU.Build.0 = Release|Any CPU
		{A00471D0-0072-48F0-82C4-2D98872A0DFC}.Release|Mixed Platforms.ActiveCfg = Release|Any CPU
		{A00471D0-0072-48F0-82C4-2D98872A0DFC}.Release|Mixed Platforms.Build.0 = Debug|Any CPU
		{A00471D0-0072-48F0-82C4-2D98872A0DFC}.Release|x86.ActiveCfg = Release|Any CPU
		{A00471D0-0072-48F0-82C4-2D98872A0DFC}.SingleImage|Any CPU.ActiveCfg = Release|Any CPU
		{A00471D0-0072-48F0-82C4-2D98872A0DFC}.SingleImage|Any CPU.Build.0 = Release|Any CPU
		{A00471D0-0072-48F0-82C4-2D98872A0DFC}.SingleImage|Mixed Platforms.ActiveCfg = Release|Any CPU
		{A00471D0-0072-48F0-82C4-2D98872A0DFC}.SingleImage|Mixed Platforms.Build.0 = Debug|Any CPU
		{A00471D0-0072-48F0-82C4-2D98872A0DFC}.SingleImage|x86.ActiveCfg = Release|Any CPU
		{FD762AC9-74A5-421C-9331-569494888356}.CD_ROM|Any CPU.ActiveCfg = Release|Any CPU
		{FD762AC9-74A5-421C-9331-569494888356}.CD_ROM|Any CPU.Build.0 = Release|Any CPU
		{FD762AC9-74A5-421C-9331-569494888356}.CD_ROM|Mixed Platforms.ActiveCfg = Release|Any CPU
		{FD762AC9-74A5-421C-9331-569494888356}.CD_ROM|Mixed Platforms.Build.0 = Debug|Any CPU
		{FD762AC9-74A5-421C-9331-569494888356}.CD_ROM|x86.ActiveCfg = Release|Any CPU
		{FD762AC9-74A5-421C-9331-569494888356}.Debug|Any CPU.ActiveCfg = Debug|Any CPU
		{FD762AC9-74A5-421C-9331-569494888356}.Debug|Any CPU.Build.0 = Debug|Any CPU
		{FD762AC9-74A5-421C-9331-569494888356}.Debug|Mixed Platforms.ActiveCfg = Debug|Any CPU
		{FD762AC9-74A5-421C-9331-569494888356}.Debug|Mixed Platforms.Build.0 = Debug|Any CPU
		{FD762AC9-74A5-421C-9331-569494888356}.Debug|x86.ActiveCfg = Release|Any CPU
		{FD762AC9-74A5-421C-9331-569494888356}.DefaultBuild|Any CPU.ActiveCfg = Release|Any CPU
		{FD762AC9-74A5-421C-9331-569494888356}.DefaultBuild|Any CPU.Build.0 = Debug|Any CPU
		{FD762AC9-74A5-421C-9331-569494888356}.DefaultBuild|Mixed Platforms.ActiveCfg = Release|Any CPU
		{FD762AC9-74A5-421C-9331-569494888356}.DefaultBuild|Mixed Platforms.Build.0 = Debug|Any CPU
		{FD762AC9-74A5-421C-9331-569494888356}.DefaultBuild|x86.ActiveCfg = Release|Any CPU
		{FD762AC9-74A5-421C-9331-569494888356}.DVD-5|Any CPU.ActiveCfg = Release|Any CPU
		{FD762AC9-74A5-421C-9331-569494888356}.DVD-5|Any CPU.Build.0 = Debug|Any CPU
		{FD762AC9-74A5-421C-9331-569494888356}.DVD-5|Mixed Platforms.ActiveCfg = Release|Any CPU
		{FD762AC9-74A5-421C-9331-569494888356}.DVD-5|Mixed Platforms.Build.0 = Debug|Any CPU
		{FD762AC9-74A5-421C-9331-569494888356}.DVD-5|x86.ActiveCfg = Release|Any CPU
		{FD762AC9-74A5-421C-9331-569494888356}.Release|Any CPU.ActiveCfg = Release|Any CPU
		{FD762AC9-74A5-421C-9331-569494888356}.Release|Any CPU.Build.0 = Release|Any CPU
		{FD762AC9-74A5-421C-9331-569494888356}.Release|Mixed Platforms.ActiveCfg = Release|Any CPU
		{FD762AC9-74A5-421C-9331-569494888356}.Release|Mixed Platforms.Build.0 = Debug|Any CPU
		{FD762AC9-74A5-421C-9331-569494888356}.Release|x86.ActiveCfg = Release|Any CPU
		{FD762AC9-74A5-421C-9331-569494888356}.SingleImage|Any CPU.ActiveCfg = Release|Any CPU
		{FD762AC9-74A5-421C-9331-569494888356}.SingleImage|Any CPU.Build.0 = Release|Any CPU
		{FD762AC9-74A5-421C-9331-569494888356}.SingleImage|Mixed Platforms.ActiveCfg = Release|Any CPU
		{FD762AC9-74A5-421C-9331-569494888356}.SingleImage|Mixed Platforms.Build.0 = Debug|Any CPU
		{FD762AC9-74A5-421C-9331-569494888356}.SingleImage|x86.ActiveCfg = Release|Any CPU
		{968B47D0-ADFB-451C-8F6B-F56D7C1ED7AC}.CD_ROM|Any CPU.ActiveCfg = Release|Any CPU
		{968B47D0-ADFB-451C-8F6B-F56D7C1ED7AC}.CD_ROM|Any CPU.Build.0 = Release|Any CPU
		{968B47D0-ADFB-451C-8F6B-F56D7C1ED7AC}.CD_ROM|Mixed Platforms.ActiveCfg = Release|Any CPU
		{968B47D0-ADFB-451C-8F6B-F56D7C1ED7AC}.CD_ROM|Mixed Platforms.Build.0 = Debug|Any CPU
		{968B47D0-ADFB-451C-8F6B-F56D7C1ED7AC}.CD_ROM|x86.ActiveCfg = Release|Any CPU
		{968B47D0-ADFB-451C-8F6B-F56D7C1ED7AC}.Debug|Any CPU.ActiveCfg = Debug|Any CPU
		{968B47D0-ADFB-451C-8F6B-F56D7C1ED7AC}.Debug|Any CPU.Build.0 = Debug|Any CPU
		{968B47D0-ADFB-451C-8F6B-F56D7C1ED7AC}.Debug|Mixed Platforms.ActiveCfg = Debug|Any CPU
		{968B47D0-ADFB-451C-8F6B-F56D7C1ED7AC}.Debug|Mixed Platforms.Build.0 = Debug|Any CPU
		{968B47D0-ADFB-451C-8F6B-F56D7C1ED7AC}.Debug|x86.ActiveCfg = Release|Any CPU
		{968B47D0-ADFB-451C-8F6B-F56D7C1ED7AC}.DefaultBuild|Any CPU.ActiveCfg = Release|Any CPU
		{968B47D0-ADFB-451C-8F6B-F56D7C1ED7AC}.DefaultBuild|Any CPU.Build.0 = Debug|Any CPU
		{968B47D0-ADFB-451C-8F6B-F56D7C1ED7AC}.DefaultBuild|Mixed Platforms.ActiveCfg = Release|Any CPU
		{968B47D0-ADFB-451C-8F6B-F56D7C1ED7AC}.DefaultBuild|Mixed Platforms.Build.0 = Debug|Any CPU
		{968B47D0-ADFB-451C-8F6B-F56D7C1ED7AC}.DefaultBuild|x86.ActiveCfg = Release|Any CPU
		{968B47D0-ADFB-451C-8F6B-F56D7C1ED7AC}.DVD-5|Any CPU.ActiveCfg = Release|Any CPU
		{968B47D0-ADFB-451C-8F6B-F56D7C1ED7AC}.DVD-5|Any CPU.Build.0 = Debug|Any CPU
		{968B47D0-ADFB-451C-8F6B-F56D7C1ED7AC}.DVD-5|Mixed Platforms.ActiveCfg = Release|Any CPU
		{968B47D0-ADFB-451C-8F6B-F56D7C1ED7AC}.DVD-5|Mixed Platforms.Build.0 = Debug|Any CPU
		{968B47D0-ADFB-451C-8F6B-F56D7C1ED7AC}.DVD-5|x86.ActiveCfg = Release|Any CPU
		{968B47D0-ADFB-451C-8F6B-F56D7C1ED7AC}.Release|Any CPU.ActiveCfg = Release|Any CPU
		{968B47D0-ADFB-451C-8F6B-F56D7C1ED7AC}.Release|Any CPU.Build.0 = Release|Any CPU
		{968B47D0-ADFB-451C-8F6B-F56D7C1ED7AC}.Release|Mixed Platforms.ActiveCfg = Release|Any CPU
		{968B47D0-ADFB-451C-8F6B-F56D7C1ED7AC}.Release|Mixed Platforms.Build.0 = Debug|Any CPU
		{968B47D0-ADFB-451C-8F6B-F56D7C1ED7AC}.Release|x86.ActiveCfg = Release|Any CPU
		{968B47D0-ADFB-451C-8F6B-F56D7C1ED7AC}.SingleImage|Any CPU.ActiveCfg = Release|Any CPU
		{968B47D0-ADFB-451C-8F6B-F56D7C1ED7AC}.SingleImage|Any CPU.Build.0 = Release|Any CPU
		{968B47D0-ADFB-451C-8F6B-F56D7C1ED7AC}.SingleImage|Mixed Platforms.ActiveCfg = Release|Any CPU
		{968B47D0-ADFB-451C-8F6B-F56D7C1ED7AC}.SingleImage|Mixed Platforms.Build.0 = Debug|Any CPU
		{968B47D0-ADFB-451C-8F6B-F56D7C1ED7AC}.SingleImage|x86.ActiveCfg = Release|Any CPU
		{57F34CF1-4D39-4086-9159-2C0E0AED016A}.CD_ROM|Any CPU.ActiveCfg = Release|Any CPU
		{57F34CF1-4D39-4086-9159-2C0E0AED016A}.CD_ROM|Any CPU.Build.0 = Release|Any CPU
		{57F34CF1-4D39-4086-9159-2C0E0AED016A}.CD_ROM|Mixed Platforms.ActiveCfg = Release|Any CPU
		{57F34CF1-4D39-4086-9159-2C0E0AED016A}.CD_ROM|Mixed Platforms.Build.0 = Debug|Any CPU
		{57F34CF1-4D39-4086-9159-2C0E0AED016A}.CD_ROM|x86.ActiveCfg = Release|Any CPU
		{57F34CF1-4D39-4086-9159-2C0E0AED016A}.Debug|Any CPU.ActiveCfg = Debug|Any CPU
		{57F34CF1-4D39-4086-9159-2C0E0AED016A}.Debug|Any CPU.Build.0 = Debug|Any CPU
		{57F34CF1-4D39-4086-9159-2C0E0AED016A}.Debug|Mixed Platforms.ActiveCfg = Debug|Any CPU
		{57F34CF1-4D39-4086-9159-2C0E0AED016A}.Debug|Mixed Platforms.Build.0 = Debug|Any CPU
		{57F34CF1-4D39-4086-9159-2C0E0AED016A}.Debug|x86.ActiveCfg = Release|Any CPU
		{57F34CF1-4D39-4086-9159-2C0E0AED016A}.DefaultBuild|Any CPU.ActiveCfg = Release|Any CPU
		{57F34CF1-4D39-4086-9159-2C0E0AED016A}.DefaultBuild|Any CPU.Build.0 = Debug|Any CPU
		{57F34CF1-4D39-4086-9159-2C0E0AED016A}.DefaultBuild|Mixed Platforms.ActiveCfg = Release|Any CPU
		{57F34CF1-4D39-4086-9159-2C0E0AED016A}.DefaultBuild|Mixed Platforms.Build.0 = Debug|Any CPU
		{57F34CF1-4D39-4086-9159-2C0E0AED016A}.DefaultBuild|x86.ActiveCfg = Release|Any CPU
		{57F34CF1-4D39-4086-9159-2C0E0AED016A}.DVD-5|Any CPU.ActiveCfg = Release|Any CPU
		{57F34CF1-4D39-4086-9159-2C0E0AED016A}.DVD-5|Any CPU.Build.0 = Debug|Any CPU
		{57F34CF1-4D39-4086-9159-2C0E0AED016A}.DVD-5|Mixed Platforms.ActiveCfg = Release|Any CPU
		{57F34CF1-4D39-4086-9159-2C0E0AED016A}.DVD-5|Mixed Platforms.Build.0 = Debug|Any CPU
		{57F34CF1-4D39-4086-9159-2C0E0AED016A}.DVD-5|x86.ActiveCfg = Release|Any CPU
		{57F34CF1-4D39-4086-9159-2C0E0AED016A}.Release|Any CPU.ActiveCfg = Release|Any CPU
		{57F34CF1-4D39-4086-9159-2C0E0AED016A}.Release|Any CPU.Build.0 = Release|Any CPU
		{57F34CF1-4D39-4086-9159-2C0E0AED016A}.Release|Mixed Platforms.ActiveCfg = Release|Any CPU
		{57F34CF1-4D39-4086-9159-2C0E0AED016A}.Release|Mixed Platforms.Build.0 = Debug|Any CPU
		{57F34CF1-4D39-4086-9159-2C0E0AED016A}.Release|x86.ActiveCfg = Release|Any CPU
		{57F34CF1-4D39-4086-9159-2C0E0AED016A}.SingleImage|Any CPU.ActiveCfg = Release|Any CPU
		{57F34CF1-4D39-4086-9159-2C0E0AED016A}.SingleImage|Any CPU.Build.0 = Release|Any CPU
		{57F34CF1-4D39-4086-9159-2C0E0AED016A}.SingleImage|Mixed Platforms.ActiveCfg = Release|Any CPU
		{57F34CF1-4D39-4086-9159-2C0E0AED016A}.SingleImage|Mixed Platforms.Build.0 = Debug|Any CPU
		{57F34CF1-4D39-4086-9159-2C0E0AED016A}.SingleImage|x86.ActiveCfg = Release|Any CPU
		{25B619E3-7107-4BF7-8371-6DA0620D6413}.CD_ROM|Any CPU.ActiveCfg = Release|Any CPU
		{25B619E3-7107-4BF7-8371-6DA0620D6413}.CD_ROM|Any CPU.Build.0 = Release|Any CPU
		{25B619E3-7107-4BF7-8371-6DA0620D6413}.CD_ROM|Mixed Platforms.ActiveCfg = Release|Any CPU
		{25B619E3-7107-4BF7-8371-6DA0620D6413}.CD_ROM|Mixed Platforms.Build.0 = Release|Any CPU
		{25B619E3-7107-4BF7-8371-6DA0620D6413}.CD_ROM|x86.ActiveCfg = Release|Any CPU
		{25B619E3-7107-4BF7-8371-6DA0620D6413}.CD_ROM|x86.Build.0 = Release|Any CPU
		{25B619E3-7107-4BF7-8371-6DA0620D6413}.Debug|Any CPU.ActiveCfg = Debug|Any CPU
		{25B619E3-7107-4BF7-8371-6DA0620D6413}.Debug|Any CPU.Build.0 = Debug|Any CPU
		{25B619E3-7107-4BF7-8371-6DA0620D6413}.Debug|Mixed Platforms.ActiveCfg = Debug|Any CPU
		{25B619E3-7107-4BF7-8371-6DA0620D6413}.Debug|Mixed Platforms.Build.0 = Debug|Any CPU
		{25B619E3-7107-4BF7-8371-6DA0620D6413}.Debug|x86.ActiveCfg = Debug|Any CPU
		{25B619E3-7107-4BF7-8371-6DA0620D6413}.Debug|x86.Build.0 = Debug|Any CPU
		{25B619E3-7107-4BF7-8371-6DA0620D6413}.DefaultBuild|Any CPU.ActiveCfg = Debug|Any CPU
		{25B619E3-7107-4BF7-8371-6DA0620D6413}.DefaultBuild|Any CPU.Build.0 = Debug|Any CPU
		{25B619E3-7107-4BF7-8371-6DA0620D6413}.DefaultBuild|Mixed Platforms.ActiveCfg = Debug|Any CPU
		{25B619E3-7107-4BF7-8371-6DA0620D6413}.DefaultBuild|Mixed Platforms.Build.0 = Debug|Any CPU
		{25B619E3-7107-4BF7-8371-6DA0620D6413}.DefaultBuild|x86.ActiveCfg = Debug|Any CPU
		{25B619E3-7107-4BF7-8371-6DA0620D6413}.DefaultBuild|x86.Build.0 = Debug|Any CPU
		{25B619E3-7107-4BF7-8371-6DA0620D6413}.DVD-5|Any CPU.ActiveCfg = Debug|Any CPU
		{25B619E3-7107-4BF7-8371-6DA0620D6413}.DVD-5|Any CPU.Build.0 = Debug|Any CPU
		{25B619E3-7107-4BF7-8371-6DA0620D6413}.DVD-5|Mixed Platforms.ActiveCfg = Debug|Any CPU
		{25B619E3-7107-4BF7-8371-6DA0620D6413}.DVD-5|Mixed Platforms.Build.0 = Debug|Any CPU
		{25B619E3-7107-4BF7-8371-6DA0620D6413}.DVD-5|x86.ActiveCfg = Debug|Any CPU
		{25B619E3-7107-4BF7-8371-6DA0620D6413}.DVD-5|x86.Build.0 = Debug|Any CPU
		{25B619E3-7107-4BF7-8371-6DA0620D6413}.Release|Any CPU.ActiveCfg = Release|Any CPU
		{25B619E3-7107-4BF7-8371-6DA0620D6413}.Release|Any CPU.Build.0 = Release|Any CPU
		{25B619E3-7107-4BF7-8371-6DA0620D6413}.Release|Mixed Platforms.ActiveCfg = Release|Any CPU
		{25B619E3-7107-4BF7-8371-6DA0620D6413}.Release|Mixed Platforms.Build.0 = Release|Any CPU
		{25B619E3-7107-4BF7-8371-6DA0620D6413}.Release|x86.ActiveCfg = Release|Any CPU
		{25B619E3-7107-4BF7-8371-6DA0620D6413}.Release|x86.Build.0 = Release|Any CPU
		{25B619E3-7107-4BF7-8371-6DA0620D6413}.SingleImage|Any CPU.ActiveCfg = Release|Any CPU
		{25B619E3-7107-4BF7-8371-6DA0620D6413}.SingleImage|Any CPU.Build.0 = Release|Any CPU
		{25B619E3-7107-4BF7-8371-6DA0620D6413}.SingleImage|Mixed Platforms.ActiveCfg = Release|Any CPU
		{25B619E3-7107-4BF7-8371-6DA0620D6413}.SingleImage|Mixed Platforms.Build.0 = Release|Any CPU
		{25B619E3-7107-4BF7-8371-6DA0620D6413}.SingleImage|x86.ActiveCfg = Release|Any CPU
		{25B619E3-7107-4BF7-8371-6DA0620D6413}.SingleImage|x86.Build.0 = Release|Any CPU
		{8EA8BB57-907D-43DD-8078-FEEAB815716C}.CD_ROM|Any CPU.ActiveCfg = Release|Any CPU
		{8EA8BB57-907D-43DD-8078-FEEAB815716C}.CD_ROM|Any CPU.Build.0 = Release|Any CPU
		{8EA8BB57-907D-43DD-8078-FEEAB815716C}.CD_ROM|Mixed Platforms.ActiveCfg = Release|Any CPU
		{8EA8BB57-907D-43DD-8078-FEEAB815716C}.CD_ROM|Mixed Platforms.Build.0 = Release|Any CPU
		{8EA8BB57-907D-43DD-8078-FEEAB815716C}.CD_ROM|x86.ActiveCfg = Release|Any CPU
		{8EA8BB57-907D-43DD-8078-FEEAB815716C}.CD_ROM|x86.Build.0 = Release|Any CPU
		{8EA8BB57-907D-43DD-8078-FEEAB815716C}.Debug|Any CPU.ActiveCfg = Debug|Any CPU
		{8EA8BB57-907D-43DD-8078-FEEAB815716C}.Debug|Any CPU.Build.0 = Debug|Any CPU
		{8EA8BB57-907D-43DD-8078-FEEAB815716C}.Debug|Mixed Platforms.ActiveCfg = Debug|Any CPU
		{8EA8BB57-907D-43DD-8078-FEEAB815716C}.Debug|Mixed Platforms.Build.0 = Debug|Any CPU
		{8EA8BB57-907D-43DD-8078-FEEAB815716C}.Debug|x86.ActiveCfg = Debug|Any CPU
		{8EA8BB57-907D-43DD-8078-FEEAB815716C}.Debug|x86.Build.0 = Debug|Any CPU
		{8EA8BB57-907D-43DD-8078-FEEAB815716C}.DefaultBuild|Any CPU.ActiveCfg = Debug|Any CPU
		{8EA8BB57-907D-43DD-8078-FEEAB815716C}.DefaultBuild|Any CPU.Build.0 = Debug|Any CPU
		{8EA8BB57-907D-43DD-8078-FEEAB815716C}.DefaultBuild|Mixed Platforms.ActiveCfg = Debug|Any CPU
		{8EA8BB57-907D-43DD-8078-FEEAB815716C}.DefaultBuild|Mixed Platforms.Build.0 = Debug|Any CPU
		{8EA8BB57-907D-43DD-8078-FEEAB815716C}.DefaultBuild|x86.ActiveCfg = Debug|Any CPU
		{8EA8BB57-907D-43DD-8078-FEEAB815716C}.DefaultBuild|x86.Build.0 = Debug|Any CPU
		{8EA8BB57-907D-43DD-8078-FEEAB815716C}.DVD-5|Any CPU.ActiveCfg = Debug|Any CPU
		{8EA8BB57-907D-43DD-8078-FEEAB815716C}.DVD-5|Any CPU.Build.0 = Debug|Any CPU
		{8EA8BB57-907D-43DD-8078-FEEAB815716C}.DVD-5|Mixed Platforms.ActiveCfg = Debug|Any CPU
		{8EA8BB57-907D-43DD-8078-FEEAB815716C}.DVD-5|Mixed Platforms.Build.0 = Debug|Any CPU
		{8EA8BB57-907D-43DD-8078-FEEAB815716C}.DVD-5|x86.ActiveCfg = Debug|Any CPU
		{8EA8BB57-907D-43DD-8078-FEEAB815716C}.DVD-5|x86.Build.0 = Debug|Any CPU
		{8EA8BB57-907D-43DD-8078-FEEAB815716C}.Release|Any CPU.ActiveCfg = Release|Any CPU
		{8EA8BB57-907D-43DD-8078-FEEAB815716C}.Release|Any CPU.Build.0 = Release|Any CPU
		{8EA8BB57-907D-43DD-8078-FEEAB815716C}.Release|Mixed Platforms.ActiveCfg = Release|Any CPU
		{8EA8BB57-907D-43DD-8078-FEEAB815716C}.Release|Mixed Platforms.Build.0 = Release|Any CPU
		{8EA8BB57-907D-43DD-8078-FEEAB815716C}.Release|x86.ActiveCfg = Release|Any CPU
		{8EA8BB57-907D-43DD-8078-FEEAB815716C}.Release|x86.Build.0 = Release|Any CPU
		{8EA8BB57-907D-43DD-8078-FEEAB815716C}.SingleImage|Any CPU.ActiveCfg = Release|Any CPU
		{8EA8BB57-907D-43DD-8078-FEEAB815716C}.SingleImage|Any CPU.Build.0 = Release|Any CPU
		{8EA8BB57-907D-43DD-8078-FEEAB815716C}.SingleImage|Mixed Platforms.ActiveCfg = Release|Any CPU
		{8EA8BB57-907D-43DD-8078-FEEAB815716C}.SingleImage|Mixed Platforms.Build.0 = Release|Any CPU
		{8EA8BB57-907D-43DD-8078-FEEAB815716C}.SingleImage|x86.ActiveCfg = Release|Any CPU
		{8EA8BB57-907D-43DD-8078-FEEAB815716C}.SingleImage|x86.Build.0 = Release|Any CPU
	EndGlobalSection
	GlobalSection(SolutionProperties) = preSolution
		HideSolutionNode = FALSE
	EndGlobalSection
	GlobalSection(ExtensibilityGlobals) = postSolution
		SolutionGuid = {3A522C96-B207-4AFC-81BD-49A85F603025}
	EndGlobalSection
EndGlobal
